
Microsoft Visual Studio Solution File, Format Version 12.00
# Visual Studio Version 17
VisualStudioVersion = 17.13.35931.197 d17.13
MinimumVisualStudioVersion = 10.0.40219.1
Project("{FAE04EC0-301F-11D3-BF4B-00C04F79EFBC}") = "VehicleInsuranceProject", "VehicleInsuranceProject\VehicleInsuranceProject.csproj", "{685D8B68-BF94-43DE-AB7C-33D7B34C15E7}"
EndProject
Project("{FAE04EC0-301F-11D3-BF4B-00C04F79EFBC}") = "VehicleInsuranceProject.BusinessLogic", "VehicleInsuranceProject.BusinessLogic\VehicleInsuranceProject.BusinessLogic.csproj", "{B2EFCCEB-4F57-4C3B-9DD7-52677F728EEC}"
EndProject
Project("{FAE04EC0-301F-11D3-BF4B-00C04F79EFBC}") = "VehicleInsuranceProject.Repository", "VehicleInsuranceProject.Repository\VehicleInsuranceProject.Repository.csproj", "{CFD2197F-6EAB-421D-A4FE-9209E2C2C5B3}"
EndProject
Global
	GlobalSection(SolutionConfigurationPlatforms) = preSolution
		Debug|Any CPU = Debug|Any CPU
		Release|Any CPU = Release|Any CPU
	EndGlobalSection
	GlobalSection(ProjectConfigurationPlatforms) = postSolution
		{685D8B68-BF94-43DE-AB7C-33D7B34C15E7}.Debug|Any CPU.ActiveCfg = Debug|Any CPU
		{685D8B68-BF94-43DE-AB7C-33D7B34C15E7}.Debug|Any CPU.Build.0 = Debug|Any CPU
		{685D8B68-BF94-43DE-AB7C-33D7B34C15E7}.Release|Any CPU.ActiveCfg = Release|Any CPU
		{685D8B68-BF94-43DE-AB7C-33D7B34C15E7}.Release|Any CPU.Build.0 = Release|Any CPU
		{B2EFCCEB-4F57-4C3B-9DD7-52677F728EEC}.Debug|Any CPU.ActiveCfg = Debug|Any CPU
		{B2EFCCEB-4F57-4C3B-9DD7-52677F728EEC}.Debug|Any CPU.Build.0 = Debug|Any CPU
		{B2EFCCEB-4F57-4C3B-9DD7-52677F728EEC}.Release|Any CPU.ActiveCfg = Release|Any CPU
		{B2EFCCEB-4F57-4C3B-9DD7-52677F728EEC}.Release|Any CPU.Build.0 = Release|Any CPU
		{CFD2197F-6EAB-421D-A4FE-9209E2C2C5B3}.Debug|Any CPU.ActiveCfg = Debug|Any CPU
		{CFD2197F-6EAB-421D-A4FE-9209E2C2C5B3}.Debug|Any CPU.Build.0 = Debug|Any CPU
		{CFD2197F-6EAB-421D-A4FE-9209E2C2C5B3}.Release|Any CPU.ActiveCfg = Release|Any CPU
		{CFD2197F-6EAB-421D-A4FE-9209E2C2C5B3}.Release|Any CPU.Build.0 = Release|Any CPU
	EndGlobalSection
	GlobalSection(SolutionProperties) = preSolution
		HideSolutionNode = FALSE
	EndGlobalSection
	GlobalSection(ExtensibilityGlobals) = postSolution
		SolutionGuid = {E7808B9B-08CA-47B1-857F-544DB19CB8D8}
	EndGlobalSection
EndGlobal
